
Microsoft Visual Studio Solution File, Format Version 12.00
# Visual Studio Version 17
VisualStudioVersion = 17.10.35004.147
MinimumVisualStudioVersion = 10.0.40219.1
Project("{9A19103F-16F7-4668-BE54-9A1E7A4F7556}") = "ITAI_WebApi", "ITAI_WebApi\ITAI_WebApi.csproj", "{F0047247-52DB-4DD2-AD1A-E69AF7AC96A9}"
EndProject
Project("{9A19103F-16F7-4668-BE54-9A1E7A4F7556}") = "ITAI", "ITAI_API\ITAI.csproj", "{48C441E4-6461-4FA2-81A1-1BC2975745AA}"
EndProject
Project("{9A19103F-16F7-4668-BE54-9A1E7A4F7556}") = "TodoApi", "TodoApi\TodoApi.csproj", "{F5934026-6268-4E2F-9D1F-CA83BC024CCE}"
EndProject
Global
	GlobalSection(SolutionConfigurationPlatforms) = preSolution
		Debug|Any CPU = Debug|Any CPU
		Release|Any CPU = Release|Any CPU
	EndGlobalSection
	GlobalSection(ProjectConfigurationPlatforms) = postSolution
		{F0047247-52DB-4DD2-AD1A-E69AF7AC96A9}.Debug|Any CPU.ActiveCfg = Debug|Any CPU
		{F0047247-52DB-4DD2-AD1A-E69AF7AC96A9}.Debug|Any CPU.Build.0 = Debug|Any CPU
		{F0047247-52DB-4DD2-AD1A-E69AF7AC96A9}.Release|Any CPU.ActiveCfg = Release|Any CPU
		{F0047247-52DB-4DD2-AD1A-E69AF7AC96A9}.Release|Any CPU.Build.0 = Release|Any CPU
		{48C441E4-6461-4FA2-81A1-1BC2975745AA}.Debug|Any CPU.ActiveCfg = Debug|Any CPU
		{48C441E4-6461-4FA2-81A1-1BC2975745AA}.Debug|Any CPU.Build.0 = Debug|Any CPU
		{48C441E4-6461-4FA2-81A1-1BC2975745AA}.Release|Any CPU.ActiveCfg = Release|Any CPU
		{48C441E4-6461-4FA2-81A1-1BC2975745AA}.Release|Any CPU.Build.0 = Release|Any CPU
		{F5934026-6268-4E2F-9D1F-CA83BC024CCE}.Debug|Any CPU.ActiveCfg = Debug|Any CPU
		{F5934026-6268-4E2F-9D1F-CA83BC024CCE}.Debug|Any CPU.Build.0 = Debug|Any CPU
		{F5934026-6268-4E2F-9D1F-CA83BC024CCE}.Release|Any CPU.ActiveCfg = Release|Any CPU
		{F5934026-6268-4E2F-9D1F-CA83BC024CCE}.Release|Any CPU.Build.0 = Release|Any CPU
	EndGlobalSection
	GlobalSection(SolutionProperties) = preSolution
		HideSolutionNode = FALSE
	EndGlobalSection
	GlobalSection(ExtensibilityGlobals) = postSolution
		SolutionGuid = {A4E9C883-E695-4BC8-9495-79B2C1F0F96C}
	EndGlobalSection
EndGlobal
